{"version":4,"terraform_version":"1.11.2","serial":5,"lineage":"315610c0-790c-613c-343b-1166ae936434","outputs":{"gitlab_server_id":{"value":201,"type":"number"},"vault_server_id":{"value":205,"type":"number"}},"resources":[{"mode":"managed","type":"proxmox_virtual_environment_container","name":"sentinel_config_server","provider":"provider[\"registry.opentofu.org/bpg/proxmox\"]","instances":[{"schema_version":0,"attributes":{"clone":[],"console":[],"cpu":[],"description":"","device_passthrough":[],"disk":[{"datastore_id":"local-lvm","size":8}],"features":[],"hook_script_file_id":null,"id":"300","initialization":[{"dns":[],"hostname":"config-server","ip_config":[{"ipv4":[{"address":"10.0.0.2/24","gateway":"10.0.0.1"}],"ipv6":[]}],"user_account":[]}],"memory":[],"mount_point":[],"network_interface":[{"bridge":"vmbr1","enabled":true,"firewall":false,"mac_address":"BC:24:11:73:FD:DA","mtu":0,"name":"eth0","rate_limit":0,"vlan_id":0}],"node_name":"pve","operating_system":[{"template_file_id":"","type":"ubuntu"}],"pool_id":null,"protection":false,"start_on_boot":null,"started":true,"startup":[],"tags":[],"template":false,"timeout_clone":null,"timeout_create":null,"timeout_delete":null,"timeout_start":null,"timeout_update":null,"unprivileged":null,"vm_id":null},"sensitive_attributes":[],"private":"eyJzY2hlbWFfdmVyc2lvbiI6IjAifQ=="}]}],"check_results":null}
